// !$*UTF8*$!
{
	archiveVersion = 1;
	classes = {
	};
	objectVersion = 46;
	objects = {

/* Begin PBXBuildFile section */
		310FB3941BAD1E7F001884A9 /* main.m in Sources */ = {isa = PBXBuildFile; fileRef = 310FB3931BAD1E7F001884A9 /* main.m */; };
		310FB3971BAD1E7F001884A9 /* AppDelegate.m in Sources */ = {isa = PBXBuildFile; fileRef = 310FB3961BAD1E7F001884A9 /* AppDelegate.m */; };
		310FB39D1BAD1E7F001884A9 /* Main.storyboard in Resources */ = {isa = PBXBuildFile; fileRef = 310FB39B1BAD1E7F001884A9 /* Main.storyboard */; };
		310FB39F1BAD1E7F001884A9 /* Assets.xcassets in Resources */ = {isa = PBXBuildFile; fileRef = 310FB39E1BAD1E7F001884A9 /* Assets.xcassets */; };
		310FB3A21BAD1E7F001884A9 /* LaunchScreen.storyboard in Resources */ = {isa = PBXBuildFile; fileRef = 310FB3A01BAD1E7F001884A9 /* LaunchScreen.storyboard */; };
		3117FB841BAD354A00FF073C /* TopChartFetcher.m in Sources */ = {isa = PBXBuildFile; fileRef = 3117FB831BAD354A00FF073C /* TopChartFetcher.m */; settings = {ASSET_TAGS = (); }; };
		3117FB871BAD356000FF073C /* AlbumMeta.m in Sources */ = {isa = PBXBuildFile; fileRef = 3117FB861BAD356000FF073C /* AlbumMeta.m */; settings = {ASSET_TAGS = (); }; };
		3117FB8A1BAD357100FF073C /* ImageMeta.m in Sources */ = {isa = PBXBuildFile; fileRef = 3117FB891BAD357100FF073C /* ImageMeta.m */; settings = {ASSET_TAGS = (); }; };
		3117FB8C1BAD365E00FF073C /* AlbumMetaTests.m in Sources */ = {isa = PBXBuildFile; fileRef = 3117FB8B1BAD365E00FF073C /* AlbumMetaTests.m */; settings = {ASSET_TAGS = (); }; };
		3117FB931BAD3F2900FF073C /* NSDictionary+NullValueFilter.m in Sources */ = {isa = PBXBuildFile; fileRef = 3117FB921BAD3F2900FF073C /* NSDictionary+NullValueFilter.m */; settings = {ASSET_TAGS = (); }; };
		3117FB951BAD444700FF073C /* ImageMetaTests.m in Sources */ = {isa = PBXBuildFile; fileRef = 3117FB941BAD444700FF073C /* ImageMetaTests.m */; settings = {ASSET_TAGS = (); }; };
		312BD6CB1BAD2C6B00AE5B46 /* TopChartItemCell.m in Sources */ = {isa = PBXBuildFile; fileRef = 312BD6C81BAD2C6B00AE5B46 /* TopChartItemCell.m */; settings = {ASSET_TAGS = (); }; };
		312BD6CC1BAD2C6B00AE5B46 /* TopChartViewController.m in Sources */ = {isa = PBXBuildFile; fileRef = 312BD6CA1BAD2C6B00AE5B46 /* TopChartViewController.m */; settings = {ASSET_TAGS = (); }; };
		312BD6CF1BAD2C9500AE5B46 /* TopChartFlowLayout.m in Sources */ = {isa = PBXBuildFile; fileRef = 312BD6CE1BAD2C9500AE5B46 /* TopChartFlowLayout.m */; settings = {ASSET_TAGS = (); }; };
		691CD43869A108A1683BE501 /* libPods.a in Frameworks */ = {isa = PBXBuildFile; fileRef = D4507BDC18AF5676BE9BB785 /* libPods.a */; };
		CF53C87288413FB7833050C6 /* libPods-ItunesTopChartViewerTests.a in Frameworks */ = {isa = PBXBuildFile; fileRef = 78EE2DF39017E5985ACA1D81 /* libPods-ItunesTopChartViewerTests.a */; };
/* End PBXBuildFile section */

/* Begin PBXContainerItemProxy section */
		310FB3A91BAD1E80001884A9 /* PBXContainerItemProxy */ = {
			isa = PBXContainerItemProxy;
			containerPortal = 310FB3871BAD1E7F001884A9 /* Project object */;
			proxyType = 1;
			remoteGlobalIDString = 310FB38E1BAD1E7F001884A9;
			remoteInfo = ItunesTopChartViewer;
		};
/* End PBXContainerItemProxy section */

/* Begin PBXFileReference section */
		0571D3B4180F576091DD0DB8 /* Pods-ItunesTopChartViewerTests.release.xcconfig */ = {isa = PBXFileReference; includeInIndex = 1; lastKnownFileType = text.xcconfig; name = "Pods-ItunesTopChartViewerTests.release.xcconfig"; path = "Pods/Target Support Files/Pods-ItunesTopChartViewerTests/Pods-ItunesTopChartViewerTests.release.xcconfig"; sourceTree = "<group>"; };
		310FB38F1BAD1E7F001884A9 /* ItunesTopChartViewer.app */ = {isa = PBXFileReference; explicitFileType = wrapper.application; includeInIndex = 0; path = ItunesTopChartViewer.app; sourceTree = BUILT_PRODUCTS_DIR; };
		310FB3931BAD1E7F001884A9 /* main.m */ = {isa = PBXFileReference; lastKnownFileType = sourcecode.c.objc; path = main.m; sourceTree = "<group>"; };
		310FB3951BAD1E7F001884A9 /* AppDelegate.h */ = {isa = PBXFileReference; lastKnownFileType = sourcecode.c.h; path = AppDelegate.h; sourceTree = "<group>"; };
		310FB3961BAD1E7F001884A9 /* AppDelegate.m */ = {isa = PBXFileReference; lastKnownFileType = sourcecode.c.objc; path = AppDelegate.m; sourceTree = "<group>"; };
		310FB39C1BAD1E7F001884A9 /* Base */ = {isa = PBXFileReference; lastKnownFileType = file.storyboard; name = Base; path = Base.lproj/Main.storyboard; sourceTree = "<group>"; };
		310FB39E1BAD1E7F001884A9 /* Assets.xcassets */ = {isa = PBXFileReference; lastKnownFileType = folder.assetcatalog; path = Assets.xcassets; sourceTree = "<group>"; };
		310FB3A11BAD1E7F001884A9 /* Base */ = {isa = PBXFileReference; lastKnownFileType = file.storyboard; name = Base; path = Base.lproj/LaunchScreen.storyboard; sourceTree = "<group>"; };
		310FB3A31BAD1E7F001884A9 /* Info.plist */ = {isa = PBXFileReference; lastKnownFileType = text.plist.xml; path = Info.plist; sourceTree = "<group>"; };
		310FB3A81BAD1E80001884A9 /* ItunesTopChartViewerTests.xctest */ = {isa = PBXFileReference; explicitFileType = wrapper.cfbundle; includeInIndex = 0; path = ItunesTopChartViewerTests.xctest; sourceTree = BUILT_PRODUCTS_DIR; };
		310FB3AE1BAD1E81001884A9 /* Info.plist */ = {isa = PBXFileReference; lastKnownFileType = text.plist.xml; path = Info.plist; sourceTree = "<group>"; };
		3117FB821BAD354A00FF073C /* TopChartFetcher.h */ = {isa = PBXFileReference; fileEncoding = 4; lastKnownFileType = sourcecode.c.h; path = TopChartFetcher.h; sourceTree = "<group>"; };
		3117FB831BAD354A00FF073C /* TopChartFetcher.m */ = {isa = PBXFileReference; fileEncoding = 4; lastKnownFileType = sourcecode.c.objc; path = TopChartFetcher.m; sourceTree = "<group>"; };
		3117FB851BAD356000FF073C /* AlbumMeta.h */ = {isa = PBXFileReference; fileEncoding = 4; lastKnownFileType = sourcecode.c.h; path = AlbumMeta.h; sourceTree = "<group>"; };
		3117FB861BAD356000FF073C /* AlbumMeta.m */ = {isa = PBXFileReference; fileEncoding = 4; lastKnownFileType = sourcecode.c.objc; path = AlbumMeta.m; sourceTree = "<group>"; };
		3117FB881BAD357100FF073C /* ImageMeta.h */ = {isa = PBXFileReference; fileEncoding = 4; lastKnownFileType = sourcecode.c.h; path = ImageMeta.h; sourceTree = "<group>"; };
		3117FB891BAD357100FF073C /* ImageMeta.m */ = {isa = PBXFileReference; fileEncoding = 4; lastKnownFileType = sourcecode.c.objc; path = ImageMeta.m; sourceTree = "<group>"; };
		3117FB8B1BAD365E00FF073C /* AlbumMetaTests.m */ = {isa = PBXFileReference; fileEncoding = 4; lastKnownFileType = sourcecode.c.objc; path = AlbumMetaTests.m; sourceTree = "<group>"; };
		3117FB911BAD3F2900FF073C /* NSDictionary+NullValueFilter.h */ = {isa = PBXFileReference; fileEncoding = 4; lastKnownFileType = sourcecode.c.h; path = "NSDictionary+NullValueFilter.h"; sourceTree = "<group>"; };
		3117FB921BAD3F2900FF073C /* NSDictionary+NullValueFilter.m */ = {isa = PBXFileReference; fileEncoding = 4; lastKnownFileType = sourcecode.c.objc; path = "NSDictionary+NullValueFilter.m"; sourceTree = "<group>"; };
		3117FB941BAD444700FF073C /* ImageMetaTests.m */ = {isa = PBXFileReference; fileEncoding = 4; lastKnownFileType = sourcecode.c.objc; path = ImageMetaTests.m; sourceTree = "<group>"; };
		312BD6C71BAD2C6B00AE5B46 /* TopChartItemCell.h */ = {isa = PBXFileReference; fileEncoding = 4; lastKnownFileType = sourcecode.c.h; path = TopChartItemCell.h; sourceTree = "<group>"; };
		312BD6C81BAD2C6B00AE5B46 /* TopChartItemCell.m */ = {isa = PBXFileReference; fileEncoding = 4; lastKnownFileType = sourcecode.c.objc; path = TopChartItemCell.m; sourceTree = "<group>"; };
		312BD6C91BAD2C6B00AE5B46 /* TopChartViewController.h */ = {isa = PBXFileReference; fileEncoding = 4; lastKnownFileType = sourcecode.c.h; path = TopChartViewController.h; sourceTree = "<group>"; };
		312BD6CA1BAD2C6B00AE5B46 /* TopChartViewController.m */ = {isa = PBXFileReference; fileEncoding = 4; lastKnownFileType = sourcecode.c.objc; path = TopChartViewController.m; sourceTree = "<group>"; };
		312BD6CD1BAD2C9500AE5B46 /* TopChartFlowLayout.h */ = {isa = PBXFileReference; fileEncoding = 4; lastKnownFileType = sourcecode.c.h; path = TopChartFlowLayout.h; sourceTree = "<group>"; };
		312BD6CE1BAD2C9500AE5B46 /* TopChartFlowLayout.m */ = {isa = PBXFileReference; fileEncoding = 4; lastKnownFileType = sourcecode.c.objc; path = TopChartFlowLayout.m; sourceTree = "<group>"; };
		56D333F6A9E1317F06A8379A /* Pods-ItunesTopChartViewerTests.debug.xcconfig */ = {isa = PBXFileReference; includeInIndex = 1; lastKnownFileType = text.xcconfig; name = "Pods-ItunesTopChartViewerTests.debug.xcconfig"; path = "Pods/Target Support Files/Pods-ItunesTopChartViewerTests/Pods-ItunesTopChartViewerTests.debug.xcconfig"; sourceTree = "<group>"; };
		58EC9D466AE7195E02E6E49D /* Pods.debug.xcconfig */ = {isa = PBXFileReference; includeInIndex = 1; lastKnownFileType = text.xcconfig; name = Pods.debug.xcconfig; path = "Pods/Target Support Files/Pods/Pods.debug.xcconfig"; sourceTree = "<group>"; };
		78EE2DF39017E5985ACA1D81 /* libPods-ItunesTopChartViewerTests.a */ = {isa = PBXFileReference; explicitFileType = archive.ar; includeInIndex = 0; path = "libPods-ItunesTopChartViewerTests.a"; sourceTree = BUILT_PRODUCTS_DIR; };
		D088222401BEF500C24307FF /* Pods.release.xcconfig */ = {isa = PBXFileReference; includeInIndex = 1; lastKnownFileType = text.xcconfig; name = Pods.release.xcconfig; path = "Pods/Target Support Files/Pods/Pods.release.xcconfig"; sourceTree = "<group>"; };
		D4507BDC18AF5676BE9BB785 /* libPods.a */ = {isa = PBXFileReference; explicitFileType = archive.ar; includeInIndex = 0; path = libPods.a; sourceTree = BUILT_PRODUCTS_DIR; };
/* End PBXFileReference section */

/* Begin PBXFrameworksBuildPhase section */
		310FB38C1BAD1E7F001884A9 /* Frameworks */ = {
			isa = PBXFrameworksBuildPhase;
			buildActionMask = 2147483647;
			files = (
				691CD43869A108A1683BE501 /* libPods.a in Frameworks */,
			);
			runOnlyForDeploymentPostprocessing = 0;
		};
		310FB3A51BAD1E80001884A9 /* Frameworks */ = {
			isa = PBXFrameworksBuildPhase;
			buildActionMask = 2147483647;
			files = (
				CF53C87288413FB7833050C6 /* libPods-ItunesTopChartViewerTests.a in Frameworks */,
			);
			runOnlyForDeploymentPostprocessing = 0;
		};
/* End PBXFrameworksBuildPhase section */

/* Begin PBXGroup section */
		109EC07B78558A7722849CEE /* Frameworks */ = {
			isa = PBXGroup;
			children = (
				D4507BDC18AF5676BE9BB785 /* libPods.a */,
				78EE2DF39017E5985ACA1D81 /* libPods-ItunesTopChartViewerTests.a */,
			);
			name = Frameworks;
			sourceTree = "<group>";
		};
		310FB3861BAD1E7F001884A9 = {
			isa = PBXGroup;
			children = (
				310FB3911BAD1E7F001884A9 /* ItunesTopChartViewer */,
				310FB3AB1BAD1E80001884A9 /* ItunesTopChartViewerTests */,
				310FB3901BAD1E7F001884A9 /* Products */,
				7E59087F300E0A80F1222EA8 /* Pods */,
				109EC07B78558A7722849CEE /* Frameworks */,
			);
			sourceTree = "<group>";
		};
		310FB3901BAD1E7F001884A9 /* Products */ = {
			isa = PBXGroup;
			children = (
				310FB38F1BAD1E7F001884A9 /* ItunesTopChartViewer.app */,
				310FB3A81BAD1E80001884A9 /* ItunesTopChartViewerTests.xctest */,
			);
			name = Products;
			sourceTree = "<group>";
		};
		310FB3911BAD1E7F001884A9 /* ItunesTopChartViewer */ = {
			isa = PBXGroup;
			children = (
				310FB3951BAD1E7F001884A9 /* AppDelegate.h */,
				310FB3961BAD1E7F001884A9 /* AppDelegate.m */,
				310FB39B1BAD1E7F001884A9 /* Main.storyboard */,
				310FB39E1BAD1E7F001884A9 /* Assets.xcassets */,
				310FB3A01BAD1E7F001884A9 /* LaunchScreen.storyboard */,
				3117FB811BAD352800FF073C /* TopChartFetcher */,
				312BD6C61BAD2C6B00AE5B46 /* UserInterfaces */,
				310FB3A31BAD1E7F001884A9 /* Info.plist */,
				310FB3921BAD1E7F001884A9 /* Supporting Files */,
			);
			path = ItunesTopChartViewer;
			sourceTree = "<group>";
		};
		310FB3921BAD1E7F001884A9 /* Supporting Files */ = {
			isa = PBXGroup;
			children = (
				310FB3931BAD1E7F001884A9 /* main.m */,
			);
			name = "Supporting Files";
			sourceTree = "<group>";
		};
		310FB3AB1BAD1E80001884A9 /* ItunesTopChartViewerTests */ = {
			isa = PBXGroup;
			children = (
				3117FB8B1BAD365E00FF073C /* AlbumMetaTests.m */,
				3117FB941BAD444700FF073C /* ImageMetaTests.m */,
				310FB3AE1BAD1E81001884A9 /* Info.plist */,
			);
			path = ItunesTopChartViewerTests;
			sourceTree = "<group>";
		};
		3117FB811BAD352800FF073C /* TopChartFetcher */ = {
			isa = PBXGroup;
			children = (
				3117FB821BAD354A00FF073C /* TopChartFetcher.h */,
				3117FB831BAD354A00FF073C /* TopChartFetcher.m */,
				3117FB851BAD356000FF073C /* AlbumMeta.h */,
				3117FB861BAD356000FF073C /* AlbumMeta.m */,
				3117FB881BAD357100FF073C /* ImageMeta.h */,
				3117FB891BAD357100FF073C /* ImageMeta.m */,
				3117FB911BAD3F2900FF073C /* NSDictionary+NullValueFilter.h */,
				3117FB921BAD3F2900FF073C /* NSDictionary+NullValueFilter.m */,
			);
			path = TopChartFetcher;
			sourceTree = "<group>";
		};
		312BD6C61BAD2C6B00AE5B46 /* UserInterfaces */ = {
			isa = PBXGroup;
			children = (
				312BD6C71BAD2C6B00AE5B46 /* TopChartItemCell.h */,
				312BD6C81BAD2C6B00AE5B46 /* TopChartItemCell.m */,
				312BD6C91BAD2C6B00AE5B46 /* TopChartViewController.h */,
				312BD6CA1BAD2C6B00AE5B46 /* TopChartViewController.m */,
				312BD6CD1BAD2C9500AE5B46 /* TopChartFlowLayout.h */,
				312BD6CE1BAD2C9500AE5B46 /* TopChartFlowLayout.m */,
			);
			path = UserInterfaces;
			sourceTree = "<group>";
		};
		7E59087F300E0A80F1222EA8 /* Pods */ = {
			isa = PBXGroup;
			children = (
				58EC9D466AE7195E02E6E49D /* Pods.debug.xcconfig */,
				D088222401BEF500C24307FF /* Pods.release.xcconfig */,
				56D333F6A9E1317F06A8379A /* Pods-ItunesTopChartViewerTests.debug.xcconfig */,
				0571D3B4180F576091DD0DB8 /* Pods-ItunesTopChartViewerTests.release.xcconfig */,
			);
			name = Pods;
			sourceTree = "<group>";
		};
/* End PBXGroup section */

/* Begin PBXNativeTarget section */
		310FB38E1BAD1E7F001884A9 /* ItunesTopChartViewer */ = {
			isa = PBXNativeTarget;
			buildConfigurationList = 310FB3B11BAD1E81001884A9 /* Build configuration list for PBXNativeTarget "ItunesTopChartViewer" */;
			buildPhases = (
				59DC35CAB670430C30AB19E9 /* Check Pods Manifest.lock */,
				310FB38B1BAD1E7F001884A9 /* Sources */,
				310FB38C1BAD1E7F001884A9 /* Frameworks */,
				310FB38D1BAD1E7F001884A9 /* Resources */,
				989515A52B2FFC79C6E0EABD /* Copy Pods Resources */,
			);
			buildRules = (
			);
			dependencies = (
			);
			name = ItunesTopChartViewer;
			productName = ItunesTopChartViewer;
			productReference = 310FB38F1BAD1E7F001884A9 /* ItunesTopChartViewer.app */;
			productType = "com.apple.product-type.application";
		};
		310FB3A71BAD1E80001884A9 /* ItunesTopChartViewerTests */ = {
			isa = PBXNativeTarget;
			buildConfigurationList = 310FB3B41BAD1E81001884A9 /* Build configuration list for PBXNativeTarget "ItunesTopChartViewerTests" */;
			buildPhases = (
				9A6522B193948125D83A1875 /* Check Pods Manifest.lock */,
				310FB3A41BAD1E80001884A9 /* Sources */,
				310FB3A51BAD1E80001884A9 /* Frameworks */,
				310FB3A61BAD1E80001884A9 /* Resources */,
				7A7A1F75A68A23B8F011590B /* Copy Pods Resources */,
			);
			buildRules = (
			);
			dependencies = (
				310FB3AA1BAD1E80001884A9 /* PBXTargetDependency */,
			);
			name = ItunesTopChartViewerTests;
			productName = ItunesTopChartViewerTests;
			productReference = 310FB3A81BAD1E80001884A9 /* ItunesTopChartViewerTests.xctest */;
			productType = "com.apple.product-type.bundle.unit-test";
		};
/* End PBXNativeTarget section */

/* Begin PBXProject section */
		310FB3871BAD1E7F001884A9 /* Project object */ = {
			isa = PBXProject;
			attributes = {
				LastUpgradeCheck = 0700;
				ORGANIZATIONNAME = YLS;
				TargetAttributes = {
					310FB38E1BAD1E7F001884A9 = {
						CreatedOnToolsVersion = 7.0;
					};
					310FB3A71BAD1E80001884A9 = {
						CreatedOnToolsVersion = 7.0;
						TestTargetID = 310FB38E1BAD1E7F001884A9;
					};
				};
			};
			buildConfigurationList = 310FB38A1BAD1E7F001884A9 /* Build configuration list for PBXProject "ItunesTopChartViewer" */;
			compatibilityVersion = "Xcode 3.2";
			developmentRegion = English;
			hasScannedForEncodings = 0;
			knownRegions = (
				en,
				Base,
			);
			mainGroup = 310FB3861BAD1E7F001884A9;
			productRefGroup = 310FB3901BAD1E7F001884A9 /* Products */;
			projectDirPath = "";
			projectRoot = "";
			targets = (
				310FB38E1BAD1E7F001884A9 /* ItunesTopChartViewer */,
				310FB3A71BAD1E80001884A9 /* ItunesTopChartViewerTests */,
			);
		};
/* End PBXProject section */

/* Begin PBXResourcesBuildPhase section */
		310FB38D1BAD1E7F001884A9 /* Resources */ = {
			isa = PBXResourcesBuildPhase;
			buildActionMask = 2147483647;
			files = (
				310FB3A21BAD1E7F001884A9 /* LaunchScreen.storyboard in Resources */,
				310FB39F1BAD1E7F001884A9 /* Assets.xcassets in Resources */,
				310FB39D1BAD1E7F001884A9 /* Main.storyboard in Resources */,
			);
			runOnlyForDeploymentPostprocessing = 0;
		};
		310FB3A61BAD1E80001884A9 /* Resources */ = {
			isa = PBXResourcesBuildPhase;
			buildActionMask = 2147483647;
			files = (
			);
			runOnlyForDeploymentPostprocessing = 0;
		};
/* End PBXResourcesBuildPhase section */

/* Begin PBXShellScriptBuildPhase section */
		59DC35CAB670430C30AB19E9 /* Check Pods Manifest.lock */ = {
			isa = PBXShellScriptBuildPhase;
			buildActionMask = 2147483647;
			files = (
			);
			inputPaths = (
			);
			name = "Check Pods Manifest.lock";
			outputPaths = (
			);
			runOnlyForDeploymentPostprocessing = 0;
			shellPath = /bin/sh;
			shellScript = "diff \"${PODS_ROOT}/../Podfile.lock\" \"${PODS_ROOT}/Manifest.lock\" > /dev/null\nif [[ $? != 0 ]] ; then\n    cat << EOM\nerror: The sandbox is not in sync with the Podfile.lock. Run 'pod install' or update your CocoaPods installation.\nEOM\n    exit 1\nfi\n";
			showEnvVarsInLog = 0;
		};
		7A7A1F75A68A23B8F011590B /* Copy Pods Resources */ = {
			isa = PBXShellScriptBuildPhase;
			buildActionMask = 2147483647;
			files = (
			);
			inputPaths = (
			);
			name = "Copy Pods Resources";
			outputPaths = (
			);
			runOnlyForDeploymentPostprocessing = 0;
			shellPath = /bin/sh;
			shellScript = "\"${SRCROOT}/Pods/Target Support Files/Pods-ItunesTopChartViewerTests/Pods-ItunesTopChartViewerTests-resources.sh\"\n";
			showEnvVarsInLog = 0;
		};
		989515A52B2FFC79C6E0EABD /* Copy Pods Resources */ = {
			isa = PBXShellScriptBuildPhase;
			buildActionMask = 2147483647;
			files = (
			);
			inputPaths = (
			);
			name = "Copy Pods Resources";
			outputPaths = (
			);
			runOnlyForDeploymentPostprocessing = 0;
			shellPath = /bin/sh;
			shellScript = "\"${SRCROOT}/Pods/Target Support Files/Pods/Pods-resources.sh\"\n";
			showEnvVarsInLog = 0;
		};
		9A6522B193948125D83A1875 /* Check Pods Manifest.lock */ = {
			isa = PBXShellScriptBuildPhase;
			buildActionMask = 2147483647;
			files = (
			);
			inputPaths = (
			);
			name = "Check Pods Manifest.lock";
			outputPaths = (
			);
			runOnlyForDeploymentPostprocessing = 0;
			shellPath = /bin/sh;
			shellScript = "diff \"${PODS_ROOT}/../Podfile.lock\" \"${PODS_ROOT}/Manifest.lock\" > /dev/null\nif [[ $? != 0 ]] ; then\n    cat << EOM\nerror: The sandbox is not in sync with the Podfile.lock. Run 'pod install' or update your CocoaPods installation.\nEOM\n    exit 1\nfi\n";
			showEnvVarsInLog = 0;
		};
/* End PBXShellScriptBuildPhase section */

/* Begin PBXSourcesBuildPhase section */
		310FB38B1BAD1E7F001884A9 /* Sources */ = {
			isa = PBXSourcesBuildPhase;
			buildActionMask = 2147483647;
			files = (
				3117FB8A1BAD357100FF073C /* ImageMeta.m in Sources */,
				3117FB931BAD3F2900FF073C /* NSDictionary+NullValueFilter.m in Sources */,
				312BD6CF1BAD2C9500AE5B46 /* TopChartFlowLayout.m in Sources */,
				310FB3971BAD1E7F001884A9 /* AppDelegate.m in Sources */,
				312BD6CB1BAD2C6B00AE5B46 /* TopChartItemCell.m in Sources */,
				3117FB871BAD356000FF073C /* AlbumMeta.m in Sources */,
				310FB3941BAD1E7F001884A9 /* main.m in Sources */,
				3117FB841BAD354A00FF073C /* TopChartFetcher.m in Sources */,
				312BD6CC1BAD2C6B00AE5B46 /* TopChartViewController.m in Sources */,
			);
			runOnlyForDeploymentPostprocessing = 0;
		};
		310FB3A41BAD1E80001884A9 /* Sources */ = {
			isa = PBXSourcesBuildPhase;
			buildActionMask = 2147483647;
			files = (
				3117FB951BAD444700FF073C /* ImageMetaTests.m in Sources */,
				3117FB8C1BAD365E00FF073C /* AlbumMetaTests.m in Sources */,
			);
			runOnlyForDeploymentPostprocessing = 0;
		};
/* End PBXSourcesBuildPhase section */

/* Begin PBXTargetDependency section */
		310FB3AA1BAD1E80001884A9 /* PBXTargetDependency */ = {
			isa = PBXTargetDependency;
			target = 310FB38E1BAD1E7F001884A9 /* ItunesTopChartViewer */;
			targetProxy = 310FB3A91BAD1E80001884A9 /* PBXContainerItemProxy */;
		};
/* End PBXTargetDependency section */

/* Begin PBXVariantGroup section */
		310FB39B1BAD1E7F001884A9 /* Main.storyboard */ = {
			isa = PBXVariantGroup;
			children = (
				310FB39C1BAD1E7F001884A9 /* Base */,
			);
			name = Main.storyboard;
			sourceTree = "<group>";
		};
		310FB3A01BAD1E7F001884A9 /* LaunchScreen.storyboard */ = {
			isa = PBXVariantGroup;
			children = (
				310FB3A11BAD1E7F001884A9 /* Base */,
			);
			name = LaunchScreen.storyboard;
			sourceTree = "<group>";
		};
/* End PBXVariantGroup section */

/* Begin XCBuildConfiguration section */
		310FB3AF1BAD1E81001884A9 /* Debug */ = {
			isa = XCBuildConfiguration;
			buildSettings = {
				ALWAYS_SEARCH_USER_PATHS = NO;
				CLANG_CXX_LANGUAGE_STANDARD = "gnu++0x";
				CLANG_CXX_LIBRARY = "libc++";
				CLANG_ENABLE_MODULES = YES;
				CLANG_ENABLE_OBJC_ARC = YES;
				CLANG_WARN_BOOL_CONVERSION = YES;
				CLANG_WARN_CONSTANT_CONVERSION = YES;
				CLANG_WARN_DIRECT_OBJC_ISA_USAGE = YES_ERROR;
				CLANG_WARN_EMPTY_BODY = YES;
				CLANG_WARN_ENUM_CONVERSION = YES;
				CLANG_WARN_INT_CONVERSION = YES;
				CLANG_WARN_OBJC_ROOT_CLASS = YES_ERROR;
				CLANG_WARN_UNREACHABLE_CODE = YES;
				CLANG_WARN__DUPLICATE_METHOD_MATCH = YES;
				"CODE_SIGN_IDENTITY[sdk=iphoneos*]" = "iPhone Developer";
				COPY_PHASE_STRIP = NO;
				DEBUG_INFORMATION_FORMAT = dwarf;
				ENABLE_STRICT_OBJC_MSGSEND = YES;
				ENABLE_TESTABILITY = YES;
				GCC_C_LANGUAGE_STANDARD = gnu99;
				GCC_DYNAMIC_NO_PIC = NO;
				GCC_NO_COMMON_BLOCKS = YES;
				GCC_OPTIMIZATION_LEVEL = 0;
				GCC_PREPROCESSOR_DEFINITIONS = (
					"DEBUG=1",
					"$(inherited)",
				);
				GCC_WARN_64_TO_32_BIT_CONVERSION = YES;
				GCC_WARN_ABOUT_RETURN_TYPE = YES_ERROR;
				GCC_WARN_UNDECLARED_SELECTOR = YES;
				GCC_WARN_UNINITIALIZED_AUTOS = YES_AGGRESSIVE;
				GCC_WARN_UNUSED_FUNCTION = YES;
				GCC_WARN_UNUSED_VARIABLE = YES;
				IPHONEOS_DEPLOYMENT_TARGET = 8.0;
				MTL_ENABLE_DEBUG_INFO = YES;
				ONLY_ACTIVE_ARCH = YES;
				SDKROOT = iphoneos;
			};
			name = Debug;
		};
		310FB3B01BAD1E81001884A9 /* Release */ = {
			isa = XCBuildConfiguration;
			buildSettings = {
				ALWAYS_SEARCH_USER_PATHS = NO;
				CLANG_CXX_LANGUAGE_STANDARD = "gnu++0x";
				CLANG_CXX_LIBRARY = "libc++";
				CLANG_ENABLE_MODULES = YES;
				CLANG_ENABLE_OBJC_ARC = YES;
				CLANG_WARN_BOOL_CONVERSION = YES;
				CLANG_WARN_CONSTANT_CONVERSION = YES;
				CLANG_WARN_DIRECT_OBJC_ISA_USAGE = YES_ERROR;
				CLANG_WARN_EMPTY_BODY = YES;
				CLANG_WARN_ENUM_CONVERSION = YES;
				CLANG_WARN_INT_CONVERSION = YES;
				CLANG_WARN_OBJC_ROOT_CLASS = YES_ERROR;
				CLANG_WARN_UNREACHABLE_CODE = YES;
				CLANG_WARN__DUPLICATE_METHOD_MATCH = YES;
				"CODE_SIGN_IDENTITY[sdk=iphoneos*]" = "iPhone Developer";
				COPY_PHASE_STRIP = NO;
				DEBUG_INFORMATION_FORMAT = "dwarf-with-dsym";
				ENABLE_NS_ASSERTIONS = NO;
				ENABLE_STRICT_OBJC_MSGSEND = YES;
				GCC_C_LANGUAGE_STANDARD = gnu99;
				GCC_NO_COMMON_BLOCKS = YES;
				GCC_WARN_64_TO_32_BIT_CONVERSION = YES;
				GCC_WARN_ABOUT_RETURN_TYPE = YES_ERROR;
				GCC_WARN_UNDECLARED_SELECTOR = YES;
				GCC_WARN_UNINITIALIZED_AUTOS = YES_AGGRESSIVE;
				GCC_WARN_UNUSED_FUNCTION = YES;
				GCC_WARN_UNUSED_VARIABLE = YES;
				IPHONEOS_DEPLOYMENT_TARGET = 8.0;
				MTL_ENABLE_DEBUG_INFO = NO;
				SDKROOT = iphoneos;
				VALIDATE_PRODUCT = YES;
			};
			name = Release;
		};
		310FB3B21BAD1E81001884A9 /* Debug */ = {
			isa = XCBuildConfiguration;
			baseConfigurationReference = 58EC9D466AE7195E02E6E49D /* Pods.debug.xcconfig */;
			buildSettings = {
				ASSETCATALOG_COMPILER_APPICON_NAME = AppIcon;
				INFOPLIST_FILE = ItunesTopChartViewer/Info.plist;
				IPHONEOS_DEPLOYMENT_TARGET = 8.0;
				LD_RUNPATH_SEARCH_PATHS = "$(inherited) @executable_path/Frameworks";
				PRODUCT_BUNDLE_IDENTIFIER = YLS.ItunesTopChartViewer;
				PRODUCT_NAME = "$(TARGET_NAME)";
			};
			name = Debug;
		};
		310FB3B31BAD1E81001884A9 /* Release */ = {
			isa = XCBuildConfiguration;
			baseConfigurationReference = D088222401BEF500C24307FF /* Pods.release.xcconfig */;
			buildSettings = {
				ASSETCATALOG_COMPILER_APPICON_NAME = AppIcon;
				INFOPLIST_FILE = ItunesTopChartViewer/Info.plist;
				IPHONEOS_DEPLOYMENT_TARGET = 8.0;
				LD_RUNPATH_SEARCH_PATHS = "$(inherited) @executable_path/Frameworks";
				PRODUCT_BUNDLE_IDENTIFIER = YLS.ItunesTopChartViewer;
				PRODUCT_NAME = "$(TARGET_NAME)";
			};
			name = Release;
		};
		310FB3B51BAD1E81001884A9 /* Debug */ = {
			isa = XCBuildConfiguration;
			baseConfigurationReference = 56D333F6A9E1317F06A8379A /* Pods-ItunesTopChartViewerTests.debug.xcconfig */;
			buildSettings = {
				BUNDLE_LOADER = "$(TEST_HOST)";
				INFOPLIST_FILE = ItunesTopChartViewerTests/Info.plist;
				LD_RUNPATH_SEARCH_PATHS = "$(inherited) @executable_path/Frameworks @loader_path/Frameworks";
				PRODUCT_BUNDLE_IDENTIFIER = YLS.ItunesTopChartViewerTests;
				PRODUCT_NAME = "$(TARGET_NAME)";
				TEST_HOST = "$(BUILT_PRODUCTS_DIR)/ItunesTopChartViewer.app/ItunesTopChartViewer";
			};
			name = Debug;
		};
		310FB3B61BAD1E81001884A9 /* Release */ = {
			isa = XCBuildConfiguration;
			baseConfigurationReference = 0571D3B4180F576091DD0DB8 /* Pods-ItunesTopChartViewerTests.release.xcconfig */;
			buildSettings = {
				BUNDLE_LOADER = "$(TEST_HOST)";
				INFOPLIST_FILE = ItunesTopChartViewerTests/Info.plist;
				LD_RUNPATH_SEARCH_PATHS = "$(inherited) @executable_path/Frameworks @loader_path/Frameworks";
				PRODUCT_BUNDLE_IDENTIFIER = YLS.ItunesTopChartViewerTests;
				PRODUCT_NAME = "$(TARGET_NAME)";
				TEST_HOST = "$(BUILT_PRODUCTS_DIR)/ItunesTopChartViewer.app/ItunesTopChartViewer";
			};
			name = Release;
		};
/* End XCBuildConfiguration section */

/* Begin XCConfigurationList section */
		310FB38A1BAD1E7F001884A9 /* Build configuration list for PBXProject "ItunesTopChartViewer" */ = {
			isa = XCConfigurationList;
			buildConfigurations = (
				310FB3AF1BAD1E81001884A9 /* Debug */,
				310FB3B01BAD1E81001884A9 /* Release */,
			);
			defaultConfigurationIsVisible = 0;
			defaultConfigurationName = Release;
		};
		310FB3B11BAD1E81001884A9 /* Build configuration list for PBXNativeTarget "ItunesTopChartViewer" */ = {
			isa = XCConfigurationList;
			buildConfigurations = (
				310FB3B21BAD1E81001884A9 /* Debug */,
				310FB3B31BAD1E81001884A9 /* Release */,
			);
			defaultConfigurationIsVisible = 0;
			defaultConfigurationName = Release;
		};
		310FB3B41BAD1E81001884A9 /* Build configuration list for PBXNativeTarget "ItunesTopChartViewerTests" */ = {
			isa = XCConfigurationList;
			buildConfigurations = (
				310FB3B51BAD1E81001884A9 /* Debug */,
				310FB3B61BAD1E81001884A9 /* Release */,
			);
			defaultConfigurationIsVisible = 0;
			defaultConfigurationName = Release;
		};
/* End XCConfigurationList section */
	};
	rootObject = 310FB3871BAD1E7F001884A9 /* Project object */;
}
